// !$*UTF8*$!
{
	archiveVersion = 1;
	classes = {
	};
	objectVersion = 77;
	objects = {

/* Begin PBXBuildFile section */
		6B5A10012FA1000100010001 /* Sparkle in Frameworks */ = {isa = PBXBuildFile; productRef = 6B5A10032FA1000100010001 /* Sparkle */; };
		6B5A10112FA1000100010011 /* pdfcpu in Resources */ = {isa = PBXBuildFile; fileRef = 6B5A10132FA1000100010011 /* pdfcpu */; };
		6B5A10122FA1000100010011 /* pdfcpu-LICENSE.txt in Resources */ = {isa = PBXBuildFile; fileRef = 6B5A10142FA1000100010011 /* pdfcpu-LICENSE.txt */; };
		6B0D403D2F957767000AC14A /* ffmpeg in Resources */ = {isa = PBXBuildFile; fileRef = 6B0D403C2F957767000AC14A /* ffmpeg */; };
		6BD284012F851724003A3C84 /* AppDelegate.swift in Sources */ = {isa = PBXBuildFile; fileRef = 6BD283EB2F851724003A3C84 /* AppDelegate.swift */; };
		6BD284022F851724003A3C84 /* Assets.xcassets in Resources */ = {isa = PBXBuildFile; fileRef = 6BD283EC2F851724003A3C84 /* Assets.xcassets */; };
		6BD284032F851724003A3C84 /* BurritoApp.swift in Sources */ = {isa = PBXBuildFile; fileRef = 6BD283ED2F851724003A3C84 /* BurritoApp.swift */; };
		6BD284042F851724003A3C84 /* ContentView.swift in Sources */ = {isa = PBXBuildFile; fileRef = 6BD283EE2F851724003A3C84 /* ContentView.swift */; };
		6BD284052F851724003A3C84 /* cwebp in Resources */ = {isa = PBXBuildFile; fileRef = 6BD283EF2F851724003A3C84 /* cwebp */; };
		6BD284062F851724003A3C84 /* DropZoneView.swift in Sources */ = {isa = PBXBuildFile; fileRef = 6BD283F02F851724003A3C84 /* DropZoneView.swift */; };
		6BD284072F851724003A3C84 /* ImageProcessor.swift in Sources */ = {isa = PBXBuildFile; fileRef = 6BD283F12F851724003A3C84 /* ImageProcessor.swift */; };
		6BD284082F851724003A3C84 /* oxipng in Resources */ = {isa = PBXBuildFile; fileRef = 6BD283F22F851724003A3C84 /* oxipng */; };
		6BD284092F851724003A3C84 /* pngquant in Resources */ = {isa = PBXBuildFile; fileRef = 6BD283F32F851724003A3C84 /* pngquant */; };
		6BD2840A2F851724003A3C84 /* SettingsView.swift in Sources */ = {isa = PBXBuildFile; fileRef = 6BD283F42F851724003A3C84 /* SettingsView.swift */; };
		6BD2840B2F851724003A3C84 /* Shaders.metal in Sources */ = {isa = PBXBuildFile; fileRef = 6BD283F52F851724003A3C84 /* Shaders.metal */; };
/* End PBXBuildFile section */

/* Begin PBXFileReference section */
		6B5A10132FA1000100010011 /* pdfcpu */ = {isa = PBXFileReference; lastKnownFileType = "compiled.mach-o.executable"; path = pdfcpu; sourceTree = "<group>"; };
		6B5A10142FA1000100010011 /* pdfcpu-LICENSE.txt */ = {isa = PBXFileReference; lastKnownFileType = text; path = "pdfcpu-LICENSE.txt"; sourceTree = "<group>"; };
		6B0D403C2F957767000AC14A /* ffmpeg */ = {isa = PBXFileReference; lastKnownFileType = "compiled.mach-o.executable"; path = ffmpeg; sourceTree = "<group>"; };
		6BD283EA2F851709003A3C84 /* Burrito.app */ = {isa = PBXFileReference; explicitFileType = wrapper.application; includeInIndex = 0; path = Burrito.app; sourceTree = BUILT_PRODUCTS_DIR; };
		6BD283EB2F851724003A3C84 /* AppDelegate.swift */ = {isa = PBXFileReference; lastKnownFileType = sourcecode.swift; path = AppDelegate.swift; sourceTree = "<group>"; };
		6BD283EC2F851724003A3C84 /* Assets.xcassets */ = {isa = PBXFileReference; lastKnownFileType = folder.assetcatalog; path = Assets.xcassets; sourceTree = "<group>"; };
		6BD283ED2F851724003A3C84 /* BurritoApp.swift */ = {isa = PBXFileReference; lastKnownFileType = sourcecode.swift; path = BurritoApp.swift; sourceTree = "<group>"; };
		6BD283EE2F851724003A3C84 /* ContentView.swift */ = {isa = PBXFileReference; lastKnownFileType = sourcecode.swift; path = ContentView.swift; sourceTree = "<group>"; };
		6BD283EF2F851724003A3C84 /* cwebp */ = {isa = PBXFileReference; lastKnownFileType = "compiled.mach-o.executable"; path = cwebp; sourceTree = "<group>"; };
		6BD283F02F851724003A3C84 /* DropZoneView.swift */ = {isa = PBXFileReference; lastKnownFileType = sourcecode.swift; path = DropZoneView.swift; sourceTree = "<group>"; };
		6BD283F12F851724003A3C84 /* ImageProcessor.swift */ = {isa = PBXFileReference; lastKnownFileType = sourcecode.swift; path = ImageProcessor.swift; sourceTree = "<group>"; };
		6BD283F22F851724003A3C84 /* oxipng */ = {isa = PBXFileReference; lastKnownFileType = "compiled.mach-o.executable"; path = oxipng; sourceTree = "<group>"; };
		6BD283F32F851724003A3C84 /* pngquant */ = {isa = PBXFileReference; lastKnownFileType = "compiled.mach-o.executable"; path = pngquant; sourceTree = "<group>"; };
		6BD283F42F851724003A3C84 /* SettingsView.swift */ = {isa = PBXFileReference; lastKnownFileType = sourcecode.swift; path = SettingsView.swift; sourceTree = "<group>"; };
		6BD283F52F851724003A3C84 /* Shaders.metal */ = {isa = PBXFileReference; lastKnownFileType = sourcecode.metal; path = Shaders.metal; sourceTree = "<group>"; };
/* End PBXFileReference section */

/* Begin PBXFrameworksBuildPhase section */
		6B2F8A962F56AE3F0007D703 /* Frameworks */ = {
			isa = PBXFrameworksBuildPhase;
			buildActionMask = 2147483647;
			files = (
				6B5A10012FA1000100010001 /* Sparkle in Frameworks */,
			);
			runOnlyForDeploymentPostprocessing = 0;
		};
/* End PBXFrameworksBuildPhase section */

/* Begin PBXGroup section */
		6B2F8A902F56AE3F0007D703 = {
			isa = PBXGroup;
			children = (
				6BD283EA2F851709003A3C84 /* Burrito.app */,
				6BD283F62F851724003A3C84 /* Burrito */,
			);
			sourceTree = "<group>";
		};
		6BD283F62F851724003A3C84 /* Burrito */ = {
			isa = PBXGroup;
			children = (
				6BD283EB2F851724003A3C84 /* AppDelegate.swift */,
				6BD283EC2F851724003A3C84 /* Assets.xcassets */,
				6BD283ED2F851724003A3C84 /* BurritoApp.swift */,
				6BD283EE2F851724003A3C84 /* ContentView.swift */,
				6BD283EF2F851724003A3C84 /* cwebp */,
				6BD283F02F851724003A3C84 /* DropZoneView.swift */,
				6B0D403C2F957767000AC14A /* ffmpeg */,
				6BD283F12F851724003A3C84 /* ImageProcessor.swift */,
				6BD283F22F851724003A3C84 /* oxipng */,
				6BD283F32F851724003A3C84 /* pngquant */,
				6B5A10132FA1000100010011 /* pdfcpu */,
				6B5A10142FA1000100010011 /* pdfcpu-LICENSE.txt */,
				6BD283F42F851724003A3C84 /* SettingsView.swift */,
				6BD283F52F851724003A3C84 /* Shaders.metal */,
			);
			path = Burrito;
			sourceTree = "<group>";
		};
/* End PBXGroup section */

/* Begin PBXNativeTarget section */
		6B2F8A982F56AE3F0007D703 /* Burrito */ = {
			isa = PBXNativeTarget;
			buildConfigurationList = 6B2F8AA42F56AE400007D703 /* Build configuration list for PBXNativeTarget "Burrito" */;
			buildPhases = (
				6B2F8A952F56AE3F0007D703 /* Sources */,
				6B2F8A962F56AE3F0007D703 /* Frameworks */,
				6B2F8A972F56AE3F0007D703 /* Resources */,
			);
			buildRules = (
			);
			dependencies = (
			);
			name = Burrito;
			packageProductDependencies = (
				6B5A10032FA1000100010001 /* Sparkle */,
			);
			productName = SwishDrop;
			productReference = 6BD283EA2F851709003A3C84 /* Burrito.app */;
			productType = "com.apple.product-type.application";
		};
/* End PBXNativeTarget section */

/* Begin PBXProject section */
		6B2F8A912F56AE3F0007D703 /* Project object */ = {
			isa = PBXProject;
			attributes = {
				BuildIndependentTargetsInParallel = 1;
				LastSwiftUpdateCheck = 1500;
				LastUpgradeCheck = 1500;
				TargetAttributes = {
					6B2F8A982F56AE3F0007D703 = {
						CreatedOnToolsVersion = 15.0;
						LastSwiftMigration = 1500;
					};
				};
			};
			buildConfigurationList = 6B2F8A942F56AE3F0007D703 /* Build configuration list for PBXProject "Burrito" */;
			developmentRegion = en;
			hasScannedForEncodings = 0;
			knownRegions = (
				en,
				Base,
			);
			mainGroup = 6B2F8A902F56AE3F0007D703;
			minimizedProjectReferenceProxies = 1;
			preferredProjectObjectVersion = 77;
			productRefGroup = 6B2F8A902F56AE3F0007D703;
			packageReferences = (
				6B5A10022FA1000100010001 /* XCRemoteSwiftPackageReference "Sparkle" */,
			);
			projectDirPath = "";
			projectRoot = "";
			targets = (
				6B2F8A982F56AE3F0007D703 /* Burrito */,
			);
		};
/* End PBXProject section */

/* Begin PBXResourcesBuildPhase section */
		6B2F8A972F56AE3F0007D703 /* Resources */ = {
			isa = PBXResourcesBuildPhase;
			buildActionMask = 2147483647;
			files = (
				6B0D403D2F957767000AC14A /* ffmpeg in Resources */,
				6BD284022F851724003A3C84 /* Assets.xcassets in Resources */,
				6BD284052F851724003A3C84 /* cwebp in Resources */,
				6BD284082F851724003A3C84 /* oxipng in Resources */,
				6BD284092F851724003A3C84 /* pngquant in Resources */,
				6B5A10112FA1000100010011 /* pdfcpu in Resources */,
				6B5A10122FA1000100010011 /* pdfcpu-LICENSE.txt in Resources */,
			);
			runOnlyForDeploymentPostprocessing = 0;
		};
/* End PBXResourcesBuildPhase section */

/* Begin PBXSourcesBuildPhase section */
		6B2F8A952F56AE3F0007D703 /* Sources */ = {
			isa = PBXSourcesBuildPhase;
			buildActionMask = 2147483647;
			files = (
				6BD284012F851724003A3C84 /* AppDelegate.swift in Sources */,
				6BD284032F851724003A3C84 /* BurritoApp.swift in Sources */,
				6BD284042F851724003A3C84 /* ContentView.swift in Sources */,
				6BD284062F851724003A3C84 /* DropZoneView.swift in Sources */,
				6BD284072F851724003A3C84 /* ImageProcessor.swift in Sources */,
				6BD2840A2F851724003A3C84 /* SettingsView.swift in Sources */,
				6BD2840B2F851724003A3C84 /* Shaders.metal in Sources */,
			);
			runOnlyForDeploymentPostprocessing = 0;
		};
/* End PBXSourcesBuildPhase section */

/* Begin XCBuildConfiguration section */
		6B2F8AA22F56AE400007D703 /* Debug */ = {
			isa = XCBuildConfiguration;
			buildSettings = {
				ALWAYS_SEARCH_USER_PATHS = NO;
				ASSETCATALOG_COMPILER_GENERATE_SWIFT_ASSET_SYMBOL_EXTENSIONS = YES;
				CLANG_ANALYZER_NONNULL = YES;
				CLANG_ANALYZER_NUMBER_OBJECT_CONVERSION = YES_AGGRESSIVE;
				CLANG_CXX_LANGUAGE_STANDARD = "gnu++20";
				CLANG_ENABLE_MODULES = YES;
				CLANG_ENABLE_OBJC_ARC = YES;
				CLANG_ENABLE_OBJC_WEAK = YES;
				CLANG_WARN_BLOCK_CAPTURE_AUTORELEASING = YES;
				CLANG_WARN_BOOL_CONVERSION = YES;
				CLANG_WARN_COMMA = YES;
				CLANG_WARN_CONSTANT_CONVERSION = YES;
				CLANG_WARN_DEPRECATED_OBJC_IMPLEMENTATIONS = YES;
				CLANG_WARN_DIRECT_OBJC_ISA_USAGE = YES_ERROR;
				CLANG_WARN_DOCUMENTATION_COMMENTS = YES;
				CLANG_WARN_EMPTY_BODY = YES;
				CLANG_WARN_ENUM_CONVERSION = YES;
				CLANG_WARN_INFINITE_RECURSION = YES;
				CLANG_WARN_INT_CONVERSION = YES;
				CLANG_WARN_NON_LITERAL_NULL_CONVERSION = YES;
				CLANG_WARN_OBJC_IMPLICIT_RETAIN_SELF = YES;
				CLANG_WARN_OBJC_LITERAL_CONVERSION = YES;
				CLANG_WARN_OBJC_ROOT_CLASS = YES_ERROR;
				CLANG_WARN_QUOTED_INCLUDE_IN_FRAMEWORK_HEADER = YES;
				CLANG_WARN_RANGE_LOOP_ANALYSIS = YES;
				CLANG_WARN_STRICT_PROTOTYPES = YES;
				CLANG_WARN_SUSPICIOUS_MOVE = YES;
				CLANG_WARN_UNGUARDED_AVAILABILITY = YES_AGGRESSIVE;
				CLANG_WARN_UNREACHABLE_CODE = YES;
				CLANG_WARN__DUPLICATE_METHOD_MATCH = YES;
				COPY_PHASE_STRIP = NO;
				DEBUG_INFORMATION_FORMAT = dwarf;
				ENABLE_STRICT_OBJC_MSGSEND = YES;
				ENABLE_TESTABILITY = YES;
				ENABLE_USER_SCRIPT_SANDBOXING = YES;
				GCC_C_LANGUAGE_STANDARD = gnu17;
				GCC_DYNAMIC_NO_PIC = NO;
				GCC_NO_COMMON_BLOCKS = YES;
				GCC_OPTIMIZATION_LEVEL = 0;
				GCC_PREPROCESSOR_DEFINITIONS = (
					"DEBUG=1",
					"$(inherited)",
				);
				GCC_WARN_64_TO_32_BIT_CONVERSION = YES;
				GCC_WARN_ABOUT_RETURN_TYPE = YES_ERROR;
				GCC_WARN_UNDECLARED_SELECTOR = YES;
				GCC_WARN_UNINITIALIZED_AUTOS = YES_AGGRESSIVE;
				GCC_WARN_UNUSED_FUNCTION = YES;
				GCC_WARN_UNUSED_VARIABLE = YES;
				LOCALIZATION_PREFERS_STRING_CATALOGS = YES;
				MACOSX_DEPLOYMENT_TARGET = 15.0;
				MTL_ENABLE_DEBUG_INFO = INCLUDE_SOURCE;
				MTL_FAST_MATH = YES;
				ONLY_ACTIVE_ARCH = YES;
				SDKROOT = macosx;
				SWIFT_ACTIVE_COMPILATION_CONDITIONS = "DEBUG $(inherited)";
				SWIFT_OPTIMIZATION_LEVEL = "-Onone";
			};
			name = Debug;
		};
		6B2F8AA32F56AE400007D703 /* Release */ = {
			isa = XCBuildConfiguration;
			buildSettings = {
				ALWAYS_SEARCH_USER_PATHS = NO;
				ASSETCATALOG_COMPILER_GENERATE_SWIFT_ASSET_SYMBOL_EXTENSIONS = YES;
				CLANG_ANALYZER_NONNULL = YES;
				CLANG_ANALYZER_NUMBER_OBJECT_CONVERSION = YES_AGGRESSIVE;
				CLANG_CXX_LANGUAGE_STANDARD = "gnu++20";
				CLANG_ENABLE_MODULES = YES;
				CLANG_ENABLE_OBJC_ARC = YES;
				CLANG_ENABLE_OBJC_WEAK = YES;
				CLANG_WARN_BLOCK_CAPTURE_AUTORELEASING = YES;
				CLANG_WARN_BOOL_CONVERSION = YES;
				CLANG_WARN_COMMA = YES;
				CLANG_WARN_CONSTANT_CONVERSION = YES;
				CLANG_WARN_DEPRECATED_OBJC_IMPLEMENTATIONS = YES;
				CLANG_WARN_DIRECT_OBJC_ISA_USAGE = YES_ERROR;
				CLANG_WARN_DOCUMENTATION_COMMENTS = YES;
				CLANG_WARN_EMPTY_BODY = YES;
				CLANG_WARN_ENUM_CONVERSION = YES;
				CLANG_WARN_INFINITE_RECURSION = YES;
				CLANG_WARN_INT_CONVERSION = YES;
				CLANG_WARN_NON_LITERAL_NULL_CONVERSION = YES;
				CLANG_WARN_OBJC_IMPLICIT_RETAIN_SELF = YES;
				CLANG_WARN_OBJC_LITERAL_CONVERSION = YES;
				CLANG_WARN_OBJC_ROOT_CLASS = YES_ERROR;
				CLANG_WARN_QUOTED_INCLUDE_IN_FRAMEWORK_HEADER = YES;
				CLANG_WARN_RANGE_LOOP_ANALYSIS = YES;
				CLANG_WARN_STRICT_PROTOTYPES = YES;
				CLANG_WARN_SUSPICIOUS_MOVE = YES;
				CLANG_WARN_UNGUARDED_AVAILABILITY = YES_AGGRESSIVE;
				CLANG_WARN_UNREACHABLE_CODE = YES;
				CLANG_WARN__DUPLICATE_METHOD_MATCH = YES;
				COPY_PHASE_STRIP = NO;
				DEBUG_INFORMATION_FORMAT = "dwarf-with-dsym";
				ENABLE_NS_ASSERTIONS = NO;
				ENABLE_STRICT_OBJC_MSGSEND = YES;
				ENABLE_USER_SCRIPT_SANDBOXING = YES;
				GCC_C_LANGUAGE_STANDARD = gnu17;
				GCC_NO_COMMON_BLOCKS = YES;
				GCC_WARN_64_TO_32_BIT_CONVERSION = YES;
				GCC_WARN_ABOUT_RETURN_TYPE = YES_ERROR;
				GCC_WARN_UNDECLARED_SELECTOR = YES;
				GCC_WARN_UNINITIALIZED_AUTOS = YES_AGGRESSIVE;
				GCC_WARN_UNUSED_FUNCTION = YES;
				GCC_WARN_UNUSED_VARIABLE = YES;
				LOCALIZATION_PREFERS_STRING_CATALOGS = YES;
				MACOSX_DEPLOYMENT_TARGET = 15.0;
				MTL_ENABLE_DEBUG_INFO = NO;
				MTL_FAST_MATH = YES;
				SDKROOT = macosx;
				SWIFT_COMPILATION_MODE = wholemodule;
			};
			name = Release;
		};
		6B2F8AA52F56AE400007D703 /* Debug */ = {
			isa = XCBuildConfiguration;
			buildSettings = {
				ASSETCATALOG_COMPILER_APPICON_NAME = AppIcon;
				ASSETCATALOG_COMPILER_GLOBAL_ACCENT_COLOR_NAME = AccentColor;
				ASSETCATALOG_COMPILER_INCLUDE_ALL_APPICON_ASSETS = NO;
				CLANG_ENABLE_MODULES = YES;
				CODE_SIGN_STYLE = Automatic;
				COMBINE_HIDPI_IMAGES = YES;
				CURRENT_PROJECT_VERSION = 1;
				ENABLE_APP_SANDBOX = NO;
				ENABLE_PREVIEWS = YES;
				ENABLE_USER_SCRIPT_SANDBOXING = NO;
				GENERATE_INFOPLIST_FILE = NO;
				INFOPLIST_FILE = Burrito/Info.plist;
				INFOPLIST_KEY_LSUIElement = YES;
				INFOPLIST_KEY_NSHumanReadableCopyright = "";
				INFOPLIST_KEY_SUEnableAutomaticChecks = YES;
				INFOPLIST_KEY_SUFeedURL = "https://raw.githubusercontent.com/arj00n/burrito/main/appcast.xml";
				INFOPLIST_KEY_SUPublicEDKey = "Mu28tOSsYrPYWBqMCkk7uNEklOlOSOHLCdl6Hdgliss=";
				INFOPLIST_KEY_SUScheduledCheckInterval = 86400;
				LD_RUNPATH_SEARCH_PATHS = (
					"$(inherited)",
					"@executable_path/../Frameworks",
				);
				MACOSX_DEPLOYMENT_TARGET = 15.0;
				MARKETING_VERSION = 1.0;
				PRODUCT_BUNDLE_IDENTIFIER = com.arjoon.burrito;
				PRODUCT_NAME = "$(TARGET_NAME)";
				REGISTER_APP_GROUPS = YES;
				STRING_CATALOG_GENERATE_SYMBOLS = YES;
				SWIFT_APPROACHABLE_CONCURRENCY = YES;
				SWIFT_DEFAULT_ACTOR_ISOLATION = MainActor;
				SWIFT_EMIT_LOC_STRINGS = YES;
				SWIFT_OPTIMIZATION_LEVEL = "-Onone";
				SWIFT_UPCOMING_FEATURE_MEMBER_IMPORT_VISIBILITY = YES;
				SWIFT_VERSION = 5.0;
			};
			name = Debug;
		};
		6B2F8AA62F56AE400007D703 /* Release */ = {
			isa = XCBuildConfiguration;
			buildSettings = {
				ASSETCATALOG_COMPILER_APPICON_NAME = AppIcon;
				ASSETCATALOG_COMPILER_GLOBAL_ACCENT_COLOR_NAME = AccentColor;
				ASSETCATALOG_COMPILER_INCLUDE_ALL_APPICON_ASSETS = NO;
				CLANG_ENABLE_MODULES = YES;
				CODE_SIGN_STYLE = Automatic;
				COMBINE_HIDPI_IMAGES = YES;
				CURRENT_PROJECT_VERSION = 1;
				ENABLE_APP_SANDBOX = NO;
				ENABLE_PREVIEWS = YES;
				ENABLE_USER_SCRIPT_SANDBOXING = NO;
				GENERATE_INFOPLIST_FILE = NO;
				INFOPLIST_FILE = Burrito/Info.plist;
				INFOPLIST_KEY_LSUIElement = YES;
				INFOPLIST_KEY_NSHumanReadableCopyright = "";
				INFOPLIST_KEY_SUEnableAutomaticChecks = YES;
				INFOPLIST_KEY_SUFeedURL = "https://raw.githubusercontent.com/arj00n/burrito/main/appcast.xml";
				INFOPLIST_KEY_SUPublicEDKey = "Mu28tOSsYrPYWBqMCkk7uNEklOlOSOHLCdl6Hdgliss=";
				INFOPLIST_KEY_SUScheduledCheckInterval = 86400;
				LD_RUNPATH_SEARCH_PATHS = (
					"$(inherited)",
					"@executable_path/../Frameworks",
				);
				MACOSX_DEPLOYMENT_TARGET = 15.0;
				MARKETING_VERSION = 1.0;
				PRODUCT_BUNDLE_IDENTIFIER = com.arjoon.burrito;
				PRODUCT_NAME = "$(TARGET_NAME)";
				REGISTER_APP_GROUPS = YES;
				STRING_CATALOG_GENERATE_SYMBOLS = YES;
				SWIFT_APPROACHABLE_CONCURRENCY = YES;
				SWIFT_DEFAULT_ACTOR_ISOLATION = MainActor;
				SWIFT_EMIT_LOC_STRINGS = YES;
				SWIFT_UPCOMING_FEATURE_MEMBER_IMPORT_VISIBILITY = YES;
				SWIFT_VERSION = 5.0;
			};
			name = Release;
		};
/* End XCBuildConfiguration section */

/* Begin XCConfigurationList section */
		6B2F8A942F56AE3F0007D703 /* Build configuration list for PBXProject "Burrito" */ = {
			isa = XCConfigurationList;
			buildConfigurations = (
				6B2F8AA22F56AE400007D703 /* Debug */,
				6B2F8AA32F56AE400007D703 /* Release */,
			);
			defaultConfigurationIsVisible = 0;
			defaultConfigurationName = Release;
		};
		6B2F8AA42F56AE400007D703 /* Build configuration list for PBXNativeTarget "Burrito" */ = {
			isa = XCConfigurationList;
			buildConfigurations = (
				6B2F8AA52F56AE400007D703 /* Debug */,
				6B2F8AA62F56AE400007D703 /* Release */,
			);
			defaultConfigurationIsVisible = 0;
			defaultConfigurationName = Release;
		};
/* End XCConfigurationList section */

/* Begin XCRemoteSwiftPackageReference section */
		6B5A10022FA1000100010001 /* XCRemoteSwiftPackageReference "Sparkle" */ = {
			isa = XCRemoteSwiftPackageReference;
			repositoryURL = "https://github.com/sparkle-project/Sparkle";
			requirement = {
				kind = upToNextMajorVersion;
				minimumVersion = 2.9.3;
			};
		};
/* End XCRemoteSwiftPackageReference section */

/* Begin XCSwiftPackageProductDependency section */
		6B5A10032FA1000100010001 /* Sparkle */ = {
			isa = XCSwiftPackageProductDependency;
			package = 6B5A10022FA1000100010001 /* XCRemoteSwiftPackageReference "Sparkle" */;
			productName = Sparkle;
		};
/* End XCSwiftPackageProductDependency section */
	};
	rootObject = 6B2F8A912F56AE3F0007D703 /* Project object */;
}
