{
  "originHash" : "484ff07180105eb39ef75df3f9692b975407539a3585114d7be7da900c470003",
  "pins" : [
    {
      "identity" : "opennook",
      "kind" : "remoteSourceControl",
      "location" : "https://github.com/twinkling-reality/opennook",
      "state" : {
        "revision" : "db42d19f0636bd95115f25c2ca0d2cb75d8f9b75",
        "version" : "0.4.0"
      }
    },
    {
      "identity" : "sparkle",
      "kind" : "remoteSourceControl",
      "location" : "https://github.com/sparkle-project/Sparkle",
      "state" : {
        "revision" : "79bc9e872948e47877e76f194cb0c8e0412b0b90",
        "version" : "2.9.5"
      }
    }
  ],
  "version" : 3
}
